
Microsoft Visual Studio Solution File, Format Version 12.00
# Visual Studio Version 17
VisualStudioVersion = 17.5.002.0
MinimumVisualStudioVersion = 10.0.40219.1
Project("{9A19103F-16F7-4668-BE54-9A1E7A4F7556}") = "Globo.Api", "Globo.Api\Globo.Api.csproj", "{47FC294D-A55E-4020-85F8-8C5095AFB583}"
EndProject
Global
	GlobalSection(SolutionConfigurationPlatforms) = preSolution
		Debug|Any CPU = Debug|Any CPU
		Release|Any CPU = Release|Any CPU
	EndGlobalSection
	GlobalSection(ProjectConfigurationPlatforms) = postSolution
		{47FC294D-A55E-4020-85F8-8C5095AFB583}.Debug|Any CPU.ActiveCfg = Debug|Any CPU
		{47FC294D-A55E-4020-85F8-8C5095AFB583}.Debug|Any CPU.Build.0 = Debug|Any CPU
		{47FC294D-A55E-4020-85F8-8C5095AFB583}.Release|Any CPU.ActiveCfg = Release|Any CPU
		{47FC294D-A55E-4020-85F8-8C5095AFB583}.Release|Any CPU.Build.0 = Release|Any CPU
	EndGlobalSection
	GlobalSection(SolutionProperties) = preSolution
		HideSolutionNode = FALSE
	EndGlobalSection
	GlobalSection(ExtensibilityGlobals) = postSolution
		SolutionGuid = {BC028462-CE76-4772-9438-73EAD79DE973}
	EndGlobalSection
EndGlobal
